
Microsoft Visual Studio Solution File, Format Version 12.00
# Visual Studio Version 17
VisualStudioVersion = 17.8.34322.80
MinimumVisualStudioVersion = 10.0.40219.1
Project("{2150E333-8FDC-42A3-9474-1A3956D46DE8}") = "Пр1", "Пр1", "{586286A0-2C62-4879-A8C5-47668A3CAC55}"
EndProject
Project("{FAE04EC0-301F-11D3-BF4B-00C04F79EFBC}") = "Frame4", "Frame4\Frame4.csproj", "{43283F08-EFFC-4747-A6DE-06720634E9D7}"
EndProject
Project("{2150E333-8FDC-42A3-9474-1A3956D46DE8}") = "Пр2", "Пр2", "{8448A235-EB15-49F4-B3E6-5B6EAFF40D45}"
EndProject
Project("{FAE04EC0-301F-11D3-BF4B-00C04F79EFBC}") = "Солнышко", "Солнышко\Солнышко.csproj", "{6F1A06EB-48F8-4C1F-8D04-A046D18A7FD0}"
EndProject
Project("{2150E333-8FDC-42A3-9474-1A3956D46DE8}") = "Пр 3", "Пр 3", "{EF0F70CB-EBCF-43E3-A38B-63E8B62056DB}"
EndProject
Project("{FAE04EC0-301F-11D3-BF4B-00C04F79EFBC}") = "SummerCamp", "SummerCamp\SummerCamp.csproj", "{25A3B261-133F-4BD3-B5CA-812C96EB4515}"
EndProject
Project("{2150E333-8FDC-42A3-9474-1A3956D46DE8}") = "Пр 4", "Пр 4", "{8EC55EE3-6E0B-4673-9470-A7F219A2DCD9}"
EndProject
Project("{FAE04EC0-301F-11D3-BF4B-00C04F79EFBC}") = "Friend", "Friend\Friend.csproj", "{CC9BCB6D-B1D7-4B14-8ED2-707ECB9743DD}"
EndProject
Project("{2150E333-8FDC-42A3-9474-1A3956D46DE8}") = "Пр 5", "Пр 5", "{F07CB6ED-9313-4867-9EA3-3C5A08A0BE77}"
EndProject
Project("{FAE04EC0-301F-11D3-BF4B-00C04F79EFBC}") = "Fund", "Fund\Fund.csproj", "{14AFFBF1-99A2-4FB6-A1C6-20132A2759CB}"
EndProject
Project("{2150E333-8FDC-42A3-9474-1A3956D46DE8}") = "Control7", "Control7", "{0065DF23-1ED8-49B2-8806-92ABBB79CE0D}"
EndProject
Project("{FAE04EC0-301F-11D3-BF4B-00C04F79EFBC}") = "Control7", "Control7\Control7.csproj", "{86530449-C36C-42AE-8420-BD760FD8DDF3}"
EndProject
Project("{2150E333-8FDC-42A3-9474-1A3956D46DE8}") = "Pharmacy", "Pharmacy", "{CADE3D65-6576-4FA4-8AB6-C2ECA7CF0F81}"
EndProject
Project("{FAE04EC0-301F-11D3-BF4B-00C04F79EFBC}") = "Pharmacy", "Pharmacy\Pharmacy.csproj", "{32B05FE1-4656-4D4A-80D9-126FE529123F}"
EndProject
Project("{2150E333-8FDC-42A3-9474-1A3956D46DE8}") = "Control8", "Control8", "{43949FB8-E7D9-40F8-BB48-90379CB359D0}"
EndProject
Project("{FAE04EC0-301F-11D3-BF4B-00C04F79EFBC}") = "Control8", "Control8\Control8.csproj", "{C71B26AB-4A5D-4B2D-AB9E-C684D6198F22}"
EndProject
Global
	GlobalSection(SolutionConfigurationPlatforms) = preSolution
		Debug|Any CPU = Debug|Any CPU
		Release|Any CPU = Release|Any CPU
	EndGlobalSection
	GlobalSection(ProjectConfigurationPlatforms) = postSolution
		{43283F08-EFFC-4747-A6DE-06720634E9D7}.Debug|Any CPU.ActiveCfg = Debug|Any CPU
		{43283F08-EFFC-4747-A6DE-06720634E9D7}.Debug|Any CPU.Build.0 = Debug|Any CPU
		{43283F08-EFFC-4747-A6DE-06720634E9D7}.Release|Any CPU.ActiveCfg = Release|Any CPU
		{43283F08-EFFC-4747-A6DE-06720634E9D7}.Release|Any CPU.Build.0 = Release|Any CPU
		{6F1A06EB-48F8-4C1F-8D04-A046D18A7FD0}.Debug|Any CPU.ActiveCfg = Debug|Any CPU
		{6F1A06EB-48F8-4C1F-8D04-A046D18A7FD0}.Debug|Any CPU.Build.0 = Debug|Any CPU
		{6F1A06EB-48F8-4C1F-8D04-A046D18A7FD0}.Release|Any CPU.ActiveCfg = Release|Any CPU
		{6F1A06EB-48F8-4C1F-8D04-A046D18A7FD0}.Release|Any CPU.Build.0 = Release|Any CPU
		{25A3B261-133F-4BD3-B5CA-812C96EB4515}.Debug|Any CPU.ActiveCfg = Debug|Any CPU
		{25A3B261-133F-4BD3-B5CA-812C96EB4515}.Debug|Any CPU.Build.0 = Debug|Any CPU
		{25A3B261-133F-4BD3-B5CA-812C96EB4515}.Release|Any CPU.ActiveCfg = Release|Any CPU
		{25A3B261-133F-4BD3-B5CA-812C96EB4515}.Release|Any CPU.Build.0 = Release|Any CPU
		{CC9BCB6D-B1D7-4B14-8ED2-707ECB9743DD}.Debug|Any CPU.ActiveCfg = Debug|Any CPU
		{CC9BCB6D-B1D7-4B14-8ED2-707ECB9743DD}.Debug|Any CPU.Build.0 = Debug|Any CPU
		{CC9BCB6D-B1D7-4B14-8ED2-707ECB9743DD}.Release|Any CPU.ActiveCfg = Release|Any CPU
		{CC9BCB6D-B1D7-4B14-8ED2-707ECB9743DD}.Release|Any CPU.Build.0 = Release|Any CPU
		{14AFFBF1-99A2-4FB6-A1C6-20132A2759CB}.Debug|Any CPU.ActiveCfg = Debug|Any CPU
		{14AFFBF1-99A2-4FB6-A1C6-20132A2759CB}.Debug|Any CPU.Build.0 = Debug|Any CPU
		{14AFFBF1-99A2-4FB6-A1C6-20132A2759CB}.Release|Any CPU.ActiveCfg = Release|Any CPU
		{14AFFBF1-99A2-4FB6-A1C6-20132A2759CB}.Release|Any CPU.Build.0 = Release|Any CPU
		{86530449-C36C-42AE-8420-BD760FD8DDF3}.Debug|Any CPU.ActiveCfg = Debug|Any CPU
		{86530449-C36C-42AE-8420-BD760FD8DDF3}.Debug|Any CPU.Build.0 = Debug|Any CPU
		{86530449-C36C-42AE-8420-BD760FD8DDF3}.Release|Any CPU.ActiveCfg = Release|Any CPU
		{86530449-C36C-42AE-8420-BD760FD8DDF3}.Release|Any CPU.Build.0 = Release|Any CPU
		{32B05FE1-4656-4D4A-80D9-126FE529123F}.Debug|Any CPU.ActiveCfg = Debug|Any CPU
		{32B05FE1-4656-4D4A-80D9-126FE529123F}.Debug|Any CPU.Build.0 = Debug|Any CPU
		{32B05FE1-4656-4D4A-80D9-126FE529123F}.Release|Any CPU.ActiveCfg = Release|Any CPU
		{32B05FE1-4656-4D4A-80D9-126FE529123F}.Release|Any CPU.Build.0 = Release|Any CPU
		{C71B26AB-4A5D-4B2D-AB9E-C684D6198F22}.Debug|Any CPU.ActiveCfg = Debug|Any CPU
		{C71B26AB-4A5D-4B2D-AB9E-C684D6198F22}.Debug|Any CPU.Build.0 = Debug|Any CPU
		{C71B26AB-4A5D-4B2D-AB9E-C684D6198F22}.Release|Any CPU.ActiveCfg = Release|Any CPU
		{C71B26AB-4A5D-4B2D-AB9E-C684D6198F22}.Release|Any CPU.Build.0 = Release|Any CPU
	EndGlobalSection
	GlobalSection(SolutionProperties) = preSolution
		HideSolutionNode = FALSE
	EndGlobalSection
	GlobalSection(NestedProjects) = preSolution
		{43283F08-EFFC-4747-A6DE-06720634E9D7} = {586286A0-2C62-4879-A8C5-47668A3CAC55}
		{6F1A06EB-48F8-4C1F-8D04-A046D18A7FD0} = {8448A235-EB15-49F4-B3E6-5B6EAFF40D45}
		{25A3B261-133F-4BD3-B5CA-812C96EB4515} = {EF0F70CB-EBCF-43E3-A38B-63E8B62056DB}
		{CC9BCB6D-B1D7-4B14-8ED2-707ECB9743DD} = {8EC55EE3-6E0B-4673-9470-A7F219A2DCD9}
		{14AFFBF1-99A2-4FB6-A1C6-20132A2759CB} = {F07CB6ED-9313-4867-9EA3-3C5A08A0BE77}
		{86530449-C36C-42AE-8420-BD760FD8DDF3} = {0065DF23-1ED8-49B2-8806-92ABBB79CE0D}
		{32B05FE1-4656-4D4A-80D9-126FE529123F} = {CADE3D65-6576-4FA4-8AB6-C2ECA7CF0F81}
		{C71B26AB-4A5D-4B2D-AB9E-C684D6198F22} = {43949FB8-E7D9-40F8-BB48-90379CB359D0}
	EndGlobalSection
	GlobalSection(ExtensibilityGlobals) = postSolution
		SolutionGuid = {B4D5FF74-0905-4D7E-9BC8-79065DCAF82D}
	EndGlobalSection
EndGlobal
